// !$*UTF8*$!
{
	archiveVersion = 1;
	classes = {
	};
	objectVersion = 50;
	objects = {

/* Begin PBXBuildFile section */
		188E951B2355A38E00A0D12D /* AppDelegate.swift in Sources */ = {isa = PBXBuildFile; fileRef = 188E951A2355A38E00A0D12D /* AppDelegate.swift */; };
		188E951D2355A38E00A0D12D /* ViewController.swift in Sources */ = {isa = PBXBuildFile; fileRef = 188E951C2355A38E00A0D12D /* ViewController.swift */; };
		188E95202355A38E00A0D12D /* Main.storyboard in Resources */ = {isa = PBXBuildFile; fileRef = 188E951E2355A38E00A0D12D /* Main.storyboard */; };
		188E95222355A39C00A0D12D /* Assets.xcassets in Resources */ = {isa = PBXBuildFile; fileRef = 188E95212355A39C00A0D12D /* Assets.xcassets */; };
		188E95252355A39C00A0D12D /* LaunchScreen.storyboard in Resources */ = {isa = PBXBuildFile; fileRef = 188E95232355A39C00A0D12D /* LaunchScreen.storyboard */; };
		188E95302355A39C00A0D12D /* FoodlistTests.swift in Sources */ = {isa = PBXBuildFile; fileRef = 188E952F2355A39C00A0D12D /* FoodlistTests.swift */; };
		188E953B2355A39C00A0D12D /* FoodlistUITests.swift in Sources */ = {isa = PBXBuildFile; fileRef = 188E953A2355A39C00A0D12D /* FoodlistUITests.swift */; };
		188E954B2355A42C00A0D12D /* FoodListTableViewController.swift in Sources */ = {isa = PBXBuildFile; fileRef = 188E954A2355A42C00A0D12D /* FoodListTableViewController.swift */; };
		188E954D2355A48D00A0D12D /* food.swift in Sources */ = {isa = PBXBuildFile; fileRef = 188E954C2355A48D00A0D12D /* food.swift */; };
		188E954F2355A97100A0D12D /* SecondViewController.swift in Sources */ = {isa = PBXBuildFile; fileRef = 188E954E2355A97100A0D12D /* SecondViewController.swift */; };
/* End PBXBuildFile section */

/* Begin PBXContainerItemProxy section */
		188E952C2355A39C00A0D12D /* PBXContainerItemProxy */ = {
			isa = PBXContainerItemProxy;
			containerPortal = 188E950F2355A38E00A0D12D /* Project object */;
			proxyType = 1;
			remoteGlobalIDString = 188E95162355A38E00A0D12D;
			remoteInfo = Foodlist;
		};
		188E95372355A39C00A0D12D /* PBXContainerItemProxy */ = {
			isa = PBXContainerItemProxy;
			containerPortal = 188E950F2355A38E00A0D12D /* Project object */;
			proxyType = 1;
			remoteGlobalIDString = 188E95162355A38E00A0D12D;
			remoteInfo = Foodlist;
		};
/* End PBXContainerItemProxy section */

/* Begin PBXFileReference section */
		188E95172355A38E00A0D12D /* Foodlist.app */ = {isa = PBXFileReference; explicitFileType = wrapper.application; includeInIndex = 0; path = Foodlist.app; sourceTree = BUILT_PRODUCTS_DIR; };
		188E951A2355A38E00A0D12D /* AppDelegate.swift */ = {isa = PBXFileReference; lastKnownFileType = sourcecode.swift; path = AppDelegate.swift; sourceTree = "<group>"; };
		188E951C2355A38E00A0D12D /* ViewController.swift */ = {isa = PBXFileReference; lastKnownFileType = sourcecode.swift; path = ViewController.swift; sourceTree = "<group>"; };
		188E951F2355A38E00A0D12D /* Base */ = {isa = PBXFileReference; lastKnownFileType = file.storyboard; name = Base; path = Base.lproj/Main.storyboard; sourceTree = "<group>"; };
		188E95212355A39C00A0D12D /* Assets.xcassets */ = {isa = PBXFileReference; lastKnownFileType = folder.assetcatalog; path = Assets.xcassets; sourceTree = "<group>"; };
		188E95242355A39C00A0D12D /* Base */ = {isa = PBXFileReference; lastKnownFileType = file.storyboard; name = Base; path = Base.lproj/LaunchScreen.storyboard; sourceTree = "<group>"; };
		188E95262355A39C00A0D12D /* Info.plist */ = {isa = PBXFileReference; lastKnownFileType = text.plist.xml; path = Info.plist; sourceTree = "<group>"; };
		188E952B2355A39C00A0D12D /* FoodlistTests.xctest */ = {isa = PBXFileReference; explicitFileType = wrapper.cfbundle; includeInIndex = 0; path = FoodlistTests.xctest; sourceTree = BUILT_PRODUCTS_DIR; };
		188E952F2355A39C00A0D12D /* FoodlistTests.swift */ = {isa = PBXFileReference; lastKnownFileType = sourcecode.swift; path = FoodlistTests.swift; sourceTree = "<group>"; };
		188E95312355A39C00A0D12D /* Info.plist */ = {isa = PBXFileReference; lastKnownFileType = text.plist.xml; path = Info.plist; sourceTree = "<group>"; };
		188E95362355A39C00A0D12D /* FoodlistUITests.xctest */ = {isa = PBXFileReference; explicitFileType = wrapper.cfbundle; includeInIndex = 0; path = FoodlistUITests.xctest; sourceTree = BUILT_PRODUCTS_DIR; };
		188E953A2355A39C00A0D12D /* FoodlistUITests.swift */ = {isa = PBXFileReference; lastKnownFileType = sourcecode.swift; path = FoodlistUITests.swift; sourceTree = "<group>"; };
		188E953C2355A39C00A0D12D /* Info.plist */ = {isa = PBXFileReference; lastKnownFileType = text.plist.xml; path = Info.plist; sourceTree = "<group>"; };
		188E954A2355A42C00A0D12D /* FoodListTableViewController.swift */ = {isa = PBXFileReference; lastKnownFileType = sourcecode.swift; path = FoodListTableViewController.swift; sourceTree = "<group>"; };
		188E954C2355A48D00A0D12D /* food.swift */ = {isa = PBXFileReference; lastKnownFileType = sourcecode.swift; path = food.swift; sourceTree = "<group>"; };
		188E954E2355A97100A0D12D /* SecondViewController.swift */ = {isa = PBXFileReference; lastKnownFileType = sourcecode.swift; path = SecondViewController.swift; sourceTree = "<group>"; };
/* End PBXFileReference section */

/* Begin PBXFrameworksBuildPhase section */
		188E95142355A38E00A0D12D /* Frameworks */ = {
			isa = PBXFrameworksBuildPhase;
			buildActionMask = 2147483647;
			files = (
			);
			runOnlyForDeploymentPostprocessing = 0;
		};
		188E95282355A39C00A0D12D /* Frameworks */ = {
			isa = PBXFrameworksBuildPhase;
			buildActionMask = 2147483647;
			files = (
			);
			runOnlyForDeploymentPostprocessing = 0;
		};
		188E95332355A39C00A0D12D /* Frameworks */ = {
			isa = PBXFrameworksBuildPhase;
			buildActionMask = 2147483647;
			files = (
			);
			runOnlyForDeploymentPostprocessing = 0;
		};
/* End PBXFrameworksBuildPhase section */

/* Begin PBXGroup section */
		188E950E2355A38E00A0D12D = {
			isa = PBXGroup;
			children = (
				188E95192355A38E00A0D12D /* Foodlist */,
				188E952E2355A39C00A0D12D /* FoodlistTests */,
				188E95392355A39C00A0D12D /* FoodlistUITests */,
				188E95182355A38E00A0D12D /* Products */,
			);
			sourceTree = "<group>";
		};
		188E95182355A38E00A0D12D /* Products */ = {
			isa = PBXGroup;
			children = (
				188E95172355A38E00A0D12D /* Foodlist.app */,
				188E952B2355A39C00A0D12D /* FoodlistTests.xctest */,
				188E95362355A39C00A0D12D /* FoodlistUITests.xctest */,
			);
			name = Products;
			sourceTree = "<group>";
		};
		188E95192355A38E00A0D12D /* Foodlist */ = {
			isa = PBXGroup;
			children = (
				188E951A2355A38E00A0D12D /* AppDelegate.swift */,
				188E951C2355A38E00A0D12D /* ViewController.swift */,
				188E951E2355A38E00A0D12D /* Main.storyboard */,
				188E954E2355A97100A0D12D /* SecondViewController.swift */,
				188E954A2355A42C00A0D12D /* FoodListTableViewController.swift */,
				188E95212355A39C00A0D12D /* Assets.xcassets */,
				188E95232355A39C00A0D12D /* LaunchScreen.storyboard */,
				188E95262355A39C00A0D12D /* Info.plist */,
				188E954C2355A48D00A0D12D /* food.swift */,
			);
			path = Foodlist;
			sourceTree = "<group>";
		};
		188E952E2355A39C00A0D12D /* FoodlistTests */ = {
			isa = PBXGroup;
			children = (
				188E952F2355A39C00A0D12D /* FoodlistTests.swift */,
				188E95312355A39C00A0D12D /* Info.plist */,
			);
			path = FoodlistTests;
			sourceTree = "<group>";
		};
		188E95392355A39C00A0D12D /* FoodlistUITests */ = {
			isa = PBXGroup;
			children = (
				188E953A2355A39C00A0D12D /* FoodlistUITests.swift */,
				188E953C2355A39C00A0D12D /* Info.plist */,
			);
			path = FoodlistUITests;
			sourceTree = "<group>";
		};
/* End PBXGroup section */

/* Begin PBXNativeTarget section */
		188E95162355A38E00A0D12D /* Foodlist */ = {
			isa = PBXNativeTarget;
			buildConfigurationList = 188E953F2355A39C00A0D12D /* Build configuration list for PBXNativeTarget "Foodlist" */;
			buildPhases = (
				188E95132355A38E00A0D12D /* Sources */,
				188E95142355A38E00A0D12D /* Frameworks */,
				188E95152355A38E00A0D12D /* Resources */,
			);
			buildRules = (
			);
			dependencies = (
			);
			name = Foodlist;
			productName = Foodlist;
			productReference = 188E95172355A38E00A0D12D /* Foodlist.app */;
			productType = "com.apple.product-type.application";
		};
		188E952A2355A39C00A0D12D /* FoodlistTests */ = {
			isa = PBXNativeTarget;
			buildConfigurationList = 188E95422355A39C00A0D12D /* Build configuration list for PBXNativeTarget "FoodlistTests" */;
			buildPhases = (
				188E95272355A39C00A0D12D /* Sources */,
				188E95282355A39C00A0D12D /* Frameworks */,
				188E95292355A39C00A0D12D /* Resources */,
			);
			buildRules = (
			);
			dependencies = (
				188E952D2355A39C00A0D12D /* PBXTargetDependency */,
			);
			name = FoodlistTests;
			productName = FoodlistTests;
			productReference = 188E952B2355A39C00A0D12D /* FoodlistTests.xctest */;
			productType = "com.apple.product-type.bundle.unit-test";
		};
		188E95352355A39C00A0D12D /* FoodlistUITests */ = {
			isa = PBXNativeTarget;
			buildConfigurationList = 188E95452355A39C00A0D12D /* Build configuration list for PBXNativeTarget "FoodlistUITests" */;
			buildPhases = (
				188E95322355A39C00A0D12D /* Sources */,
				188E95332355A39C00A0D12D /* Frameworks */,
				188E95342355A39C00A0D12D /* Resources */,
			);
			buildRules = (
			);
			dependencies = (
				188E95382355A39C00A0D12D /* PBXTargetDependency */,
			);
			name = FoodlistUITests;
			productName = FoodlistUITests;
			productReference = 188E95362355A39C00A0D12D /* FoodlistUITests.xctest */;
			productType = "com.apple.product-type.bundle.ui-testing";
		};
/* End PBXNativeTarget section */

/* Begin PBXProject section */
		188E950F2355A38E00A0D12D /* Project object */ = {
			isa = PBXProject;
			attributes = {
				LastSwiftUpdateCheck = 1030;
				LastUpgradeCheck = 1030;
				ORGANIZATIONNAME = Apple;
				TargetAttributes = {
					188E95162355A38E00A0D12D = {
						CreatedOnToolsVersion = 10.3;
					};
					188E952A2355A39C00A0D12D = {
						CreatedOnToolsVersion = 10.3;
						TestTargetID = 188E95162355A38E00A0D12D;
					};
					188E95352355A39C00A0D12D = {
						CreatedOnToolsVersion = 10.3;
						TestTargetID = 188E95162355A38E00A0D12D;
					};
				};
			};
			buildConfigurationList = 188E95122355A38E00A0D12D /* Build configuration list for PBXProject "Foodlist" */;
			compatibilityVersion = "Xcode 9.3";
			developmentRegion = en;
			hasScannedForEncodings = 0;
			knownRegions = (
				en,
				Base,
			);
			mainGroup = 188E950E2355A38E00A0D12D;
			productRefGroup = 188E95182355A38E00A0D12D /* Products */;
			projectDirPath = "";
			projectRoot = "";
			targets = (
				188E95162355A38E00A0D12D /* Foodlist */,
				188E952A2355A39C00A0D12D /* FoodlistTests */,
				188E95352355A39C00A0D12D /* FoodlistUITests */,
			);
		};
/* End PBXProject section */

/* Begin PBXResourcesBuildPhase section */
		188E95152355A38E00A0D12D /* Resources */ = {
			isa = PBXResourcesBuildPhase;
			buildActionMask = 2147483647;
			files = (
				188E95252355A39C00A0D12D /* LaunchScreen.storyboard in Resources */,
				188E95222355A39C00A0D12D /* Assets.xcassets in Resources */,
				188E95202355A38E00A0D12D /* Main.storyboard in Resources */,
			);
			runOnlyForDeploymentPostprocessing = 0;
		};
		188E95292355A39C00A0D12D /* Resources */ = {
			isa = PBXResourcesBuildPhase;
			buildActionMask = 2147483647;
			files = (
			);
			runOnlyForDeploymentPostprocessing = 0;
		};
		188E95342355A39C00A0D12D /* Resources */ = {
			isa = PBXResourcesBuildPhase;
			buildActionMask = 2147483647;
			files = (
			);
			runOnlyForDeploymentPostprocessing = 0;
		};
/* End PBXResourcesBuildPhase section */

/* Begin PBXSourcesBuildPhase section */
		188E95132355A38E00A0D12D /* Sources */ = {
			isa = PBXSourcesBuildPhase;
			buildActionMask = 2147483647;
			files = (
				188E951D2355A38E00A0D12D /* ViewController.swift in Sources */,
				188E954D2355A48D00A0D12D /* food.swift in Sources */,
				188E954B2355A42C00A0D12D /* FoodListTableViewController.swift in Sources */,
				188E954F2355A97100A0D12D /* SecondViewController.swift in Sources */,
				188E951B2355A38E00A0D12D /* AppDelegate.swift in Sources */,
			);
			runOnlyForDeploymentPostprocessing = 0;
		};
		188E95272355A39C00A0D12D /* Sources */ = {
			isa = PBXSourcesBuildPhase;
			buildActionMask = 2147483647;
			files = (
				188E95302355A39C00A0D12D /* FoodlistTests.swift in Sources */,
			);
			runOnlyForDeploymentPostprocessing = 0;
		};
		188E95322355A39C00A0D12D /* Sources */ = {
			isa = PBXSourcesBuildPhase;
			buildActionMask = 2147483647;
			files = (
				188E953B2355A39C00A0D12D /* FoodlistUITests.swift in Sources */,
			);
			runOnlyForDeploymentPostprocessing = 0;
		};
/* End PBXSourcesBuildPhase section */

/* Begin PBXTargetDependency section */
		188E952D2355A39C00A0D12D /* PBXTargetDependency */ = {
			isa = PBXTargetDependency;
			target = 188E95162355A38E00A0D12D /* Foodlist */;
			targetProxy = 188E952C2355A39C00A0D12D /* PBXContainerItemProxy */;
		};
		188E95382355A39C00A0D12D /* PBXTargetDependency */ = {
			isa = PBXTargetDependency;
			target = 188E95162355A38E00A0D12D /* Foodlist */;
			targetProxy = 188E95372355A39C00A0D12D /* PBXContainerItemProxy */;
		};
/* End PBXTargetDependency section */

/* Begin PBXVariantGroup section */
		188E951E2355A38E00A0D12D /* Main.storyboard */ = {
			isa = PBXVariantGroup;
			children = (
				188E951F2355A38E00A0D12D /* Base */,
			);
			name = Main.storyboard;
			sourceTree = "<group>";
		};
		188E95232355A39C00A0D12D /* LaunchScreen.storyboard */ = {
			isa = PBXVariantGroup;
			children = (
				188E95242355A39C00A0D12D /* Base */,
			);
			name = LaunchScreen.storyboard;
			sourceTree = "<group>";
		};
/* End PBXVariantGroup section */

/* Begin XCBuildConfiguration section */
		188E953D2355A39C00A0D12D /* Debug */ = {
			isa = XCBuildConfiguration;
			buildSettings = {
				ALWAYS_SEARCH_USER_PATHS = NO;
				CLANG_ANALYZER_NONNULL = YES;
				CLANG_ANALYZER_NUMBER_OBJECT_CONVERSION = YES_AGGRESSIVE;
				CLANG_CXX_LANGUAGE_STANDARD = "gnu++14";
				CLANG_CXX_LIBRARY = "libc++";
				CLANG_ENABLE_MODULES = YES;
				CLANG_ENABLE_OBJC_ARC = YES;
				CLANG_ENABLE_OBJC_WEAK = YES;
				CLANG_WARN_BLOCK_CAPTURE_AUTORELEASING = YES;
				CLANG_WARN_BOOL_CONVERSION = YES;
				CLANG_WARN_COMMA = YES;
				CLANG_WARN_CONSTANT_CONVERSION = YES;
				CLANG_WARN_DEPRECATED_OBJC_IMPLEMENTATIONS = YES;
				CLANG_WARN_DIRECT_OBJC_ISA_USAGE = YES_ERROR;
				CLANG_WARN_DOCUMENTATION_COMMENTS = YES;
				CLANG_WARN_EMPTY_BODY = YES;
				CLANG_WARN_ENUM_CONVERSION = YES;
				CLANG_WARN_INFINITE_RECURSION = YES;
				CLANG_WARN_INT_CONVERSION = YES;
				CLANG_WARN_NON_LITERAL_NULL_CONVERSION = YES;
				CLANG_WARN_OBJC_IMPLICIT_RETAIN_SELF = YES;
				CLANG_WARN_OBJC_LITERAL_CONVERSION = YES;
				CLANG_WARN_OBJC_ROOT_CLASS = YES_ERROR;
				CLANG_WARN_RANGE_LOOP_ANALYSIS = YES;
				CLANG_WARN_STRICT_PROTOTYPES = YES;
				CLANG_WARN_SUSPICIOUS_MOVE = YES;
				CLANG_WARN_UNGUARDED_AVAILABILITY = YES_AGGRESSIVE;
				CLANG_WARN_UNREACHABLE_CODE = YES;
				CLANG_WARN__DUPLICATE_METHOD_MATCH = YES;
				CODE_SIGN_IDENTITY = "iPhone Developer";
				COPY_PHASE_STRIP = NO;
				DEBUG_INFORMATION_FORMAT = dwarf;
				ENABLE_STRICT_OBJC_MSGSEND = YES;
				ENABLE_TESTABILITY = YES;
				GCC_C_LANGUAGE_STANDARD = gnu11;
				GCC_DYNAMIC_NO_PIC = NO;
				GCC_NO_COMMON_BLOCKS = YES;
				GCC_OPTIMIZATION_LEVEL = 0;
				GCC_PREPROCESSOR_DEFINITIONS = (
					"DEBUG=1",
					"$(inherited)",
				);
				GCC_WARN_64_TO_32_BIT_CONVERSION = YES;
				GCC_WARN_ABOUT_RETURN_TYPE = YES_ERROR;
				GCC_WARN_UNDECLARED_SELECTOR = YES;
				GCC_WARN_UNINITIALIZED_AUTOS = YES_AGGRESSIVE;
				GCC_WARN_UNUSED_FUNCTION = YES;
				GCC_WARN_UNUSED_VARIABLE = YES;
				IPHONEOS_DEPLOYMENT_TARGET = 12.4;
				MTL_ENABLE_DEBUG_INFO = INCLUDE_SOURCE;
				MTL_FAST_MATH = YES;
				ONLY_ACTIVE_ARCH = YES;
				SDKROOT = iphoneos;
				SWIFT_ACTIVE_COMPILATION_CONDITIONS = DEBUG;
				SWIFT_OPTIMIZATION_LEVEL = "-Onone";
			};
			name = Debug;
		};
		188E953E2355A39C00A0D12D /* Release */ = {
			isa = XCBuildConfiguration;
			buildSettings = {
				ALWAYS_SEARCH_USER_PATHS = NO;
				CLANG_ANALYZER_NONNULL = YES;
				CLANG_ANALYZER_NUMBER_OBJECT_CONVERSION = YES_AGGRESSIVE;
				CLANG_CXX_LANGUAGE_STANDARD = "gnu++14";
				CLANG_CXX_LIBRARY = "libc++";
				CLANG_ENABLE_MODULES = YES;
				CLANG_ENABLE_OBJC_ARC = YES;
				CLANG_ENABLE_OBJC_WEAK = YES;
				CLANG_WARN_BLOCK_CAPTURE_AUTORELEASING = YES;
				CLANG_WARN_BOOL_CONVERSION = YES;
				CLANG_WARN_COMMA = YES;
				CLANG_WARN_CONSTANT_CONVERSION = YES;
				CLANG_WARN_DEPRECATED_OBJC_IMPLEMENTATIONS = YES;
				CLANG_WARN_DIRECT_OBJC_ISA_USAGE = YES_ERROR;
				CLANG_WARN_DOCUMENTATION_COMMENTS = YES;
				CLANG_WARN_EMPTY_BODY = YES;
				CLANG_WARN_ENUM_CONVERSION = YES;
				CLANG_WARN_INFINITE_RECURSION = YES;
				CLANG_WARN_INT_CONVERSION = YES;
				CLANG_WARN_NON_LITERAL_NULL_CONVERSION = YES;
				CLANG_WARN_OBJC_IMPLICIT_RETAIN_SELF = YES;
				CLANG_WARN_OBJC_LITERAL_CONVERSION = YES;
				CLANG_WARN_OBJC_ROOT_CLASS = YES_ERROR;
				CLANG_WARN_RANGE_LOOP_ANALYSIS = YES;
				CLANG_WARN_STRICT_PROTOTYPES = YES;
				CLANG_WARN_SUSPICIOUS_MOVE = YES;
				CLANG_WARN_UNGUARDED_AVAILABILITY = YES_AGGRESSIVE;
				CLANG_WARN_UNREACHABLE_CODE = YES;
				CLANG_WARN__DUPLICATE_METHOD_MATCH = YES;
				CODE_SIGN_IDENTITY = "iPhone Developer";
				COPY_PHASE_STRIP = NO;
				DEBUG_INFORMATION_FORMAT = "dwarf-with-dsym";
				ENABLE_NS_ASSERTIONS = NO;
				ENABLE_STRICT_OBJC_MSGSEND = YES;
				GCC_C_LANGUAGE_STANDARD = gnu11;
				GCC_NO_COMMON_BLOCKS = YES;
				GCC_WARN_64_TO_32_BIT_CONVERSION = YES;
				GCC_WARN_ABOUT_RETURN_TYPE = YES_ERROR;
				GCC_WARN_UNDECLARED_SELECTOR = YES;
				GCC_WARN_UNINITIALIZED_AUTOS = YES_AGGRESSIVE;
				GCC_WARN_UNUSED_FUNCTION = YES;
				GCC_WARN_UNUSED_VARIABLE = YES;
				IPHONEOS_DEPLOYMENT_TARGET = 12.4;
				MTL_ENABLE_DEBUG_INFO = NO;
				MTL_FAST_MATH = YES;
				SDKROOT = iphoneos;
				SWIFT_COMPILATION_MODE = wholemodule;
				SWIFT_OPTIMIZATION_LEVEL = "-O";
				VALIDATE_PRODUCT = YES;
			};
			name = Release;
		};
		188E95402355A39C00A0D12D /* Debug */ = {
			isa = XCBuildConfiguration;
			buildSettings = {
				ASSETCATALOG_COMPILER_APPICON_NAME = AppIcon;
				CODE_SIGN_STYLE = Automatic;
				INFOPLIST_FILE = Foodlist/Info.plist;
				LD_RUNPATH_SEARCH_PATHS = (
					"$(inherited)",
					"@executable_path/Frameworks",
				);
				PRODUCT_BUNDLE_IDENTIFIER = com.xyy.helloword.Foodlist;
				PRODUCT_NAME = "$(TARGET_NAME)";
				SWIFT_VERSION = 5.0;
				TARGETED_DEVICE_FAMILY = "1,2";
			};
			name = Debug;
		};
		188E95412355A39C00A0D12D /* Release */ = {
			isa = XCBuildConfiguration;
			buildSettings = {
				ASSETCATALOG_COMPILER_APPICON_NAME = AppIcon;
				CODE_SIGN_STYLE = Automatic;
				INFOPLIST_FILE = Foodlist/Info.plist;
				LD_RUNPATH_SEARCH_PATHS = (
					"$(inherited)",
					"@executable_path/Frameworks",
				);
				PRODUCT_BUNDLE_IDENTIFIER = com.xyy.helloword.Foodlist;
				PRODUCT_NAME = "$(TARGET_NAME)";
				SWIFT_VERSION = 5.0;
				TARGETED_DEVICE_FAMILY = "1,2";
			};
			name = Release;
		};
		188E95432355A39C00A0D12D /* Debug */ = {
			isa = XCBuildConfiguration;
			buildSettings = {
				ALWAYS_EMBED_SWIFT_STANDARD_LIBRARIES = YES;
				BUNDLE_LOADER = "$(TEST_HOST)";
				CODE_SIGN_STYLE = Automatic;
				INFOPLIST_FILE = FoodlistTests/Info.plist;
				LD_RUNPATH_SEARCH_PATHS = (
					"$(inherited)",
					"@executable_path/Frameworks",
					"@loader_path/Frameworks",
				);
				PRODUCT_BUNDLE_IDENTIFIER = com.xyy.helloword.FoodlistTests;
				PRODUCT_NAME = "$(TARGET_NAME)";
				SWIFT_VERSION = 5.0;
				TARGETED_DEVICE_FAMILY = "1,2";
				TEST_HOST = "$(BUILT_PRODUCTS_DIR)/Foodlist.app/Foodlist";
			};
			name = Debug;
		};
		188E95442355A39C00A0D12D /* Release */ = {
			isa = XCBuildConfiguration;
			buildSettings = {
				ALWAYS_EMBED_SWIFT_STANDARD_LIBRARIES = YES;
				BUNDLE_LOADER = "$(TEST_HOST)";
				CODE_SIGN_STYLE = Automatic;
				INFOPLIST_FILE = FoodlistTests/Info.plist;
				LD_RUNPATH_SEARCH_PATHS = (
					"$(inherited)",
					"@executable_path/Frameworks",
					"@loader_path/Frameworks",
				);
				PRODUCT_BUNDLE_IDENTIFIER = com.xyy.helloword.FoodlistTests;
				PRODUCT_NAME = "$(TARGET_NAME)";
				SWIFT_VERSION = 5.0;
				TARGETED_DEVICE_FAMILY = "1,2";
				TEST_HOST = "$(BUILT_PRODUCTS_DIR)/Foodlist.app/Foodlist";
			};
			name = Release;
		};
		188E95462355A39C00A0D12D /* Debug */ = {
			isa = XCBuildConfiguration;
			buildSettings = {
				ALWAYS_EMBED_SWIFT_STANDARD_LIBRARIES = YES;
				CODE_SIGN_STYLE = Automatic;
				INFOPLIST_FILE = FoodlistUITests/Info.plist;
				LD_RUNPATH_SEARCH_PATHS = (
					"$(inherited)",
					"@executable_path/Frameworks",
					"@loader_path/Frameworks",
				);
				PRODUCT_BUNDLE_IDENTIFIER = com.xyy.helloword.FoodlistUITests;
				PRODUCT_NAME = "$(TARGET_NAME)";
				SWIFT_VERSION = 5.0;
				TARGETED_DEVICE_FAMILY = "1,2";
				TEST_TARGET_NAME = Foodlist;
			};
			name = Debug;
		};
		188E95472355A39C00A0D12D /* Release */ = {
			isa = XCBuildConfiguration;
			buildSettings = {
				ALWAYS_EMBED_SWIFT_STANDARD_LIBRARIES = YES;
				CODE_SIGN_STYLE = Automatic;
				INFOPLIST_FILE = FoodlistUITests/Info.plist;
				LD_RUNPATH_SEARCH_PATHS = (
					"$(inherited)",
					"@executable_path/Frameworks",
					"@loader_path/Frameworks",
				);
				PRODUCT_BUNDLE_IDENTIFIER = com.xyy.helloword.FoodlistUITests;
				PRODUCT_NAME = "$(TARGET_NAME)";
				SWIFT_VERSION = 5.0;
				TARGETED_DEVICE_FAMILY = "1,2";
				TEST_TARGET_NAME = Foodlist;
			};
			name = Release;
		};
/* End XCBuildConfiguration section */

/* Begin XCConfigurationList section */
		188E95122355A38E00A0D12D /* Build configuration list for PBXProject "Foodlist" */ = {
			isa = XCConfigurationList;
			buildConfigurations = (
				188E953D2355A39C00A0D12D /* Debug */,
				188E953E2355A39C00A0D12D /* Release */,
			);
			defaultConfigurationIsVisible = 0;
			defaultConfigurationName = Release;
		};
		188E953F2355A39C00A0D12D /* Build configuration list for PBXNativeTarget "Foodlist" */ = {
			isa = XCConfigurationList;
			buildConfigurations = (
				188E95402355A39C00A0D12D /* Debug */,
				188E95412355A39C00A0D12D /* Release */,
			);
			defaultConfigurationIsVisible = 0;
			defaultConfigurationName = Release;
		};
		188E95422355A39C00A0D12D /* Build configuration list for PBXNativeTarget "FoodlistTests" */ = {
			isa = XCConfigurationList;
			buildConfigurations = (
				188E95432355A39C00A0D12D /* Debug */,
				188E95442355A39C00A0D12D /* Release */,
			);
			defaultConfigurationIsVisible = 0;
			defaultConfigurationName = Release;
		};
		188E95452355A39C00A0D12D /* Build configuration list for PBXNativeTarget "FoodlistUITests" */ = {
			isa = XCConfigurationList;
			buildConfigurations = (
				188E95462355A39C00A0D12D /* Debug */,
				188E95472355A39C00A0D12D /* Release */,
			);
			defaultConfigurationIsVisible = 0;
			defaultConfigurationName = Release;
		};
/* End XCConfigurationList section */
	};
	rootObject = 188E950F2355A38E00A0D12D /* Project object */;
}
